// !$*UTF8*$!
{
	archiveVersion = 1;
	classes = {
	};
	objectVersion = 63;
	objects = {

/* Begin PBXBuildFile section */
		D2FE43CE42565109E7E4D624 /* ContentPage.swift in Sources */ = {isa = PBXBuildFile; fileRef = 6E06EE7367A4443023013451 /* ContentPage.swift */; };
		C8C7BA41C6D1A07BA003323D /* SharedContentLoader.swift in Sources */ = {isa = PBXBuildFile; fileRef = B4265272671CFACD29C9446B /* SharedContentLoader.swift */; };
		556E731411A56EDCAB0C5743 /* MarkdownContentView.swift in Sources */ = {isa = PBXBuildFile; fileRef = 9F470A1B733446F6A8272BD4 /* MarkdownContentView.swift */; };
		00803AFD5319150572230A8D /* NavigationUITests.swift in Sources */ = {isa = PBXBuildFile; fileRef = B17943F77C37909ACCAABCD5 /* NavigationUITests.swift */; };
		0D343C8000BC86125F8EB613 /* LawListViewModel.swift in Sources */ = {isa = PBXBuildFile; fileRef = 0F356080AC2E2B74B7AE8DFF /* LawListViewModel.swift */; };
		0D94D334343E4BAE9168D147 /* CategoriesView.swift in Sources */ = {isa = PBXBuildFile; fileRef = D62C955AD19A9AF5E90C5C7B /* CategoriesView.swift */; };
		10952B8EEFAD0407EDE9DFB0 /* FilterView.swift in Sources */ = {isa = PBXBuildFile; fileRef = 535B04B1531B0D7550DD7476 /* FilterView.swift */; };
		1457BFE82CAF8FB0EC363E4A /* HomeView.swift in Sources */ = {isa = PBXBuildFile; fileRef = CAD370BFF1AC8D9BFE0797D6 /* HomeView.swift */; };
		18B2B23B6AA8DF414FA05B5E /* LawCard.swift in Sources */ = {isa = PBXBuildFile; fileRef = 94DB4C9BA2F0079E2D78FB04 /* LawCard.swift */; };
		1C0840FA71D93ED0392D220C /* MoreView.swift in Sources */ = {isa = PBXBuildFile; fileRef = 9FFB5ACB0A550ADD1E46ABA5 /* MoreView.swift */; };
		27C5F22B9A2B55EDFC842A58 /* Law.swift in Sources */ = {isa = PBXBuildFile; fileRef = C86C7CE3B4E821D79B4BBE67 /* Law.swift */; };
		2B7AA225646E10CC7312586F /* SubmitLawView.swift in Sources */ = {isa = PBXBuildFile; fileRef = C6FDC3EDA6F01BC05B88F558 /* SubmitLawView.swift */; };
		33049F95190C44F3823E6C5C /* Assets.xcassets in Resources */ = {isa = PBXBuildFile; fileRef = A2ED3D3B91669FD814A1C06D /* Assets.xcassets */; };
		34F065D0F50A69B0C27C6D45 /* DeviceID.swift in Sources */ = {isa = PBXBuildFile; fileRef = 6E36A786E080D591D637BCB1 /* DeviceID.swift */; };
		34F2B212CC93A76669E59B20 /* EmptyStateView.swift in Sources */ = {isa = PBXBuildFile; fileRef = E486AD4C8B7C12A517DABD10 /* EmptyStateView.swift */; };
		3913E1CF37BFD2FAC495C6D7 /* CalculatorView.swift in Sources */ = {isa = PBXBuildFile; fileRef = AAC173281AAC9AB2537D2E88 /* CalculatorView.swift */; };
		425CF7AF7AE6FC7DB0C0B1C6 /* CalculatorUITests.swift in Sources */ = {isa = PBXBuildFile; fileRef = 52E7F37A98F3CA8F2BD0F4D9 /* CalculatorUITests.swift */; };
		441EC254A6EC2BD33FFE37AA /* Constants.swift in Sources */ = {isa = PBXBuildFile; fileRef = E590CE9B0966A46756CFD59E /* Constants.swift */; };
		49FA408589A664074331A528 /* LawRepository.swift in Sources */ = {isa = PBXBuildFile; fileRef = 2CE1346FFCDE3DDCEE69F106 /* LawRepository.swift */; };
		576857C0BDB97789E126318D /* VotingService.swift in Sources */ = {isa = PBXBuildFile; fileRef = D5B769A933753CDE8E606F18 /* VotingService.swift */; };
		58AF40343C809A85903A9B14 /* LawOfDayCard.swift in Sources */ = {isa = PBXBuildFile; fileRef = C6CB77C95FF85B4ABE3488D9 /* LawOfDayCard.swift */; };
		5C54EF13C0862FE20402ABD3 /* APIService.swift in Sources */ = {isa = PBXBuildFile; fileRef = FDC433B4623925DE473337FF /* APIService.swift */; };
		6681CD7B027F573E5DD50A50 /* Vote.swift in Sources */ = {isa = PBXBuildFile; fileRef = 265273D4ACC856695FD2CF50 /* Vote.swift */; };
		785A84043E4DE8B70F1FCBF2 /* LawListViewModelTests.swift in Sources */ = {isa = PBXBuildFile; fileRef = 1999A69F6DE44010272F8C39 /* LawListViewModelTests.swift */; };
		790EE3B979BE88B35925407D /* SubmitLawViewModel.swift in Sources */ = {isa = PBXBuildFile; fileRef = DFBFDFC98563BB7365C66C02 /* SubmitLawViewModel.swift */; };
		7AF98FDDDB1C5BC4CEE3708D /* CategoryListViewModel.swift in Sources */ = {isa = PBXBuildFile; fileRef = 43B83F281BE7A7BBD7D62846 /* CategoryListViewModel.swift */; };
		7BF4E65D740F1E5EF938F577 /* Category.swift in Sources */ = {isa = PBXBuildFile; fileRef = E721EC9623E2602B825284F3 /* Category.swift */; };
		7C452D3F05078F272809F8D0 /* LawDetailView.swift in Sources */ = {isa = PBXBuildFile; fileRef = 045708B48A09D6F63EAD5ACA /* LawDetailView.swift */; };
		7C64A32048B746BB8334CB22 /* HomeViewModelTests.swift in Sources */ = {isa = PBXBuildFile; fileRef = C39071912628B8D7170205D3 /* HomeViewModelTests.swift */; };
		7E774E26E9DCF9B05AD0480D /* MurphysLaws.xcodeproj in Resources */ = {isa = PBXBuildFile; fileRef = 0A4A458B2333FBA01D004AED /* MurphysLaws.xcodeproj */; };
		83AD706EFA259347D1E5A070 /* HomeViewModel.swift in Sources */ = {isa = PBXBuildFile; fileRef = 132A19AE0D86C2E4368051DF /* HomeViewModel.swift */; };
		86DA34046A005DB14FC1A8C7 /* CalculatorViewModel.swift in Sources */ = {isa = PBXBuildFile; fileRef = 4072C53A25F93FC2BD1DE3C2 /* CalculatorViewModel.swift */; };
		AFC70EF23C30FC1B9471037E /* Attribution.swift in Sources */ = {isa = PBXBuildFile; fileRef = 5DA9B5B613B0E7969E41C543 /* Attribution.swift */; };
		B0805AEBB64518613A1A3470 /* VotingUITests.swift in Sources */ = {isa = PBXBuildFile; fileRef = CEEBFEEA1E10C10DBD69E4D9 /* VotingUITests.swift */; };
		BB9ABE4CA8E1673DD55C3100 /* MurphysLawsApp.swift in Sources */ = {isa = PBXBuildFile; fileRef = 4B254F29435390C11AEDA12F /* MurphysLawsApp.swift */; };
		BE4DDF80244FC55575461BAB /* LawDetailViewModel.swift in Sources */ = {isa = PBXBuildFile; fileRef = 3477A49BD60F83BD8E852DCE /* LawDetailViewModel.swift */; };
		C5C061DFFF91CB361AAC27DE /* CalculatorViewModelTests.swift in Sources */ = {isa = PBXBuildFile; fileRef = CA45708E5874015B18EDD4FB /* CalculatorViewModelTests.swift */; };
		D90D2F00B3CCC17C64A8E325 /* ContentView.swift in Sources */ = {isa = PBXBuildFile; fileRef = 04A3B86BE05FF749E63F97CF /* ContentView.swift */; };
		D9E7FEE430FABE2B6AF6B823 /* BrowseView.swift in Sources */ = {isa = PBXBuildFile; fileRef = 832943453DFD4547D8FA2E46 /* BrowseView.swift */; };
		DCF27A24341C260A48F1FD00 /* CategoryRepository.swift in Sources */ = {isa = PBXBuildFile; fileRef = 774EAD86A11EAC1EF16ACA06 /* CategoryRepository.swift */; };
		F8BEFE8D710B14865363242D /* SearchAndFilterUITests.swift in Sources */ = {isa = PBXBuildFile; fileRef = 99C0F3DDC9B54E0D329D3602 /* SearchAndFilterUITests.swift */; };
/* End PBXBuildFile section */

/* Begin PBXContainerItemProxy section */
		7F7924A847502A1C14E97B5E /* PBXContainerItemProxy */ = {
			isa = PBXContainerItemProxy;
			containerPortal = 47EAA31F39DF826D9B2256DB /* Project object */;
			proxyType = 1;
			remoteGlobalIDString = 1E8E90165E23502BED88EE9E;
			remoteInfo = MurphysLaws;
		};
		B2F026CB68F0B1CE1D197F32 /* PBXContainerItemProxy */ = {
			isa = PBXContainerItemProxy;
			containerPortal = 47EAA31F39DF826D9B2256DB /* Project object */;
			proxyType = 1;
			remoteGlobalIDString = 1E8E90165E23502BED88EE9E;
			remoteInfo = MurphysLaws;
		};
/* End PBXContainerItemProxy section */

/* Begin PBXFileReference section */
		6E06EE7367A4443023013451 /* ContentPage.swift */ = {isa = PBXFileReference; lastKnownFileType = sourcecode.swift; path = ContentPage.swift; sourceTree = "<group>"; };
		B4265272671CFACD29C9446B /* SharedContentLoader.swift */ = {isa = PBXFileReference; lastKnownFileType = sourcecode.swift; path = SharedContentLoader.swift; sourceTree = "<group>"; };
		9F470A1B733446F6A8272BD4 /* MarkdownContentView.swift */ = {isa = PBXFileReference; lastKnownFileType = sourcecode.swift; path = MarkdownContentView.swift; sourceTree = "<group>"; };
		045708B48A09D6F63EAD5ACA /* LawDetailView.swift */ = {isa = PBXFileReference; lastKnownFileType = sourcecode.swift; path = LawDetailView.swift; sourceTree = "<group>"; };
		04A3B86BE05FF749E63F97CF /* ContentView.swift */ = {isa = PBXFileReference; lastKnownFileType = sourcecode.swift; path = ContentView.swift; sourceTree = "<group>"; };
		0A4A458B2333FBA01D004AED /* MurphysLaws.xcodeproj */ = {isa = PBXFileReference; lastKnownFileType = "wrapper.pb-project"; path = MurphysLaws.xcodeproj; sourceTree = "<group>"; };
		0F356080AC2E2B74B7AE8DFF /* LawListViewModel.swift */ = {isa = PBXFileReference; lastKnownFileType = sourcecode.swift; path = LawListViewModel.swift; sourceTree = "<group>"; };
		132A19AE0D86C2E4368051DF /* HomeViewModel.swift */ = {isa = PBXFileReference; lastKnownFileType = sourcecode.swift; path = HomeViewModel.swift; sourceTree = "<group>"; };
		1999A69F6DE44010272F8C39 /* LawListViewModelTests.swift */ = {isa = PBXFileReference; lastKnownFileType = sourcecode.swift; path = LawListViewModelTests.swift; sourceTree = "<group>"; };
		265273D4ACC856695FD2CF50 /* Vote.swift */ = {isa = PBXFileReference; lastKnownFileType = sourcecode.swift; path = Vote.swift; sourceTree = "<group>"; };
		2CE1346FFCDE3DDCEE69F106 /* LawRepository.swift */ = {isa = PBXFileReference; lastKnownFileType = sourcecode.swift; path = LawRepository.swift; sourceTree = "<group>"; };
		3477A49BD60F83BD8E852DCE /* LawDetailViewModel.swift */ = {isa = PBXFileReference; lastKnownFileType = sourcecode.swift; path = LawDetailViewModel.swift; sourceTree = "<group>"; };
		4072C53A25F93FC2BD1DE3C2 /* CalculatorViewModel.swift */ = {isa = PBXFileReference; lastKnownFileType = sourcecode.swift; path = CalculatorViewModel.swift; sourceTree = "<group>"; };
		43B83F281BE7A7BBD7D62846 /* CategoryListViewModel.swift */ = {isa = PBXFileReference; lastKnownFileType = sourcecode.swift; path = CategoryListViewModel.swift; sourceTree = "<group>"; };
		4B254F29435390C11AEDA12F /* MurphysLawsApp.swift */ = {isa = PBXFileReference; lastKnownFileType = sourcecode.swift; path = MurphysLawsApp.swift; sourceTree = "<group>"; };
		52E7F37A98F3CA8F2BD0F4D9 /* CalculatorUITests.swift */ = {isa = PBXFileReference; lastKnownFileType = sourcecode.swift; path = CalculatorUITests.swift; sourceTree = "<group>"; };
		535B04B1531B0D7550DD7476 /* FilterView.swift */ = {isa = PBXFileReference; lastKnownFileType = sourcecode.swift; path = FilterView.swift; sourceTree = "<group>"; };
		5B496C30B4D01E873AC35F4A /* MurphysLawsTests.xctest */ = {isa = PBXFileReference; includeInIndex = 0; lastKnownFileType = wrapper.cfbundle; path = MurphysLawsTests.xctest; sourceTree = BUILT_PRODUCTS_DIR; };
		5DA9B5B613B0E7969E41C543 /* Attribution.swift */ = {isa = PBXFileReference; lastKnownFileType = sourcecode.swift; path = Attribution.swift; sourceTree = "<group>"; };
		6E36A786E080D591D637BCB1 /* DeviceID.swift */ = {isa = PBXFileReference; lastKnownFileType = sourcecode.swift; path = DeviceID.swift; sourceTree = "<group>"; };
		774EAD86A11EAC1EF16ACA06 /* CategoryRepository.swift */ = {isa = PBXFileReference; lastKnownFileType = sourcecode.swift; path = CategoryRepository.swift; sourceTree = "<group>"; };
		832943453DFD4547D8FA2E46 /* BrowseView.swift */ = {isa = PBXFileReference; lastKnownFileType = sourcecode.swift; path = BrowseView.swift; sourceTree = "<group>"; };
		94DB4C9BA2F0079E2D78FB04 /* LawCard.swift */ = {isa = PBXFileReference; lastKnownFileType = sourcecode.swift; path = LawCard.swift; sourceTree = "<group>"; };
		99C0F3DDC9B54E0D329D3602 /* SearchAndFilterUITests.swift */ = {isa = PBXFileReference; lastKnownFileType = sourcecode.swift; path = SearchAndFilterUITests.swift; sourceTree = "<group>"; };
		9FFB5ACB0A550ADD1E46ABA5 /* MoreView.swift */ = {isa = PBXFileReference; lastKnownFileType = sourcecode.swift; path = MoreView.swift; sourceTree = "<group>"; };
		A2ED3D3B91669FD814A1C06D /* Assets.xcassets */ = {isa = PBXFileReference; lastKnownFileType = folder.assetcatalog; path = Assets.xcassets; sourceTree = "<group>"; };
		A9147BE68F0EFC513C9F2A92 /* MurphysLaws.app */ = {isa = PBXFileReference; includeInIndex = 0; lastKnownFileType = wrapper.application; path = MurphysLaws.app; sourceTree = BUILT_PRODUCTS_DIR; };
		AAC173281AAC9AB2537D2E88 /* CalculatorView.swift */ = {isa = PBXFileReference; lastKnownFileType = sourcecode.swift; path = CalculatorView.swift; sourceTree = "<group>"; };
		B17943F77C37909ACCAABCD5 /* NavigationUITests.swift */ = {isa = PBXFileReference; lastKnownFileType = sourcecode.swift; path = NavigationUITests.swift; sourceTree = "<group>"; };
		C39071912628B8D7170205D3 /* HomeViewModelTests.swift */ = {isa = PBXFileReference; lastKnownFileType = sourcecode.swift; path = HomeViewModelTests.swift; sourceTree = "<group>"; };
		C6CB77C95FF85B4ABE3488D9 /* LawOfDayCard.swift */ = {isa = PBXFileReference; lastKnownFileType = sourcecode.swift; path = LawOfDayCard.swift; sourceTree = "<group>"; };
		C6FDC3EDA6F01BC05B88F558 /* SubmitLawView.swift */ = {isa = PBXFileReference; lastKnownFileType = sourcecode.swift; path = SubmitLawView.swift; sourceTree = "<group>"; };
		C86C7CE3B4E821D79B4BBE67 /* Law.swift */ = {isa = PBXFileReference; lastKnownFileType = sourcecode.swift; path = Law.swift; sourceTree = "<group>"; };
		CA45708E5874015B18EDD4FB /* CalculatorViewModelTests.swift */ = {isa = PBXFileReference; lastKnownFileType = sourcecode.swift; path = CalculatorViewModelTests.swift; sourceTree = "<group>"; };
		CAD370BFF1AC8D9BFE0797D6 /* HomeView.swift */ = {isa = PBXFileReference; lastKnownFileType = sourcecode.swift; path = HomeView.swift; sourceTree = "<group>"; };
		CEEBFEEA1E10C10DBD69E4D9 /* VotingUITests.swift */ = {isa = PBXFileReference; lastKnownFileType = sourcecode.swift; path = VotingUITests.swift; sourceTree = "<group>"; };
		CFB71A44ACCE834BE0471B98 /* Info.plist */ = {isa = PBXFileReference; lastKnownFileType = text.plist; path = Info.plist; sourceTree = "<group>"; };
		D5B769A933753CDE8E606F18 /* VotingService.swift */ = {isa = PBXFileReference; lastKnownFileType = sourcecode.swift; path = VotingService.swift; sourceTree = "<group>"; };
		D62C955AD19A9AF5E90C5C7B /* CategoriesView.swift */ = {isa = PBXFileReference; lastKnownFileType = sourcecode.swift; path = CategoriesView.swift; sourceTree = "<group>"; };
		DFBFDFC98563BB7365C66C02 /* SubmitLawViewModel.swift */ = {isa = PBXFileReference; lastKnownFileType = sourcecode.swift; path = SubmitLawViewModel.swift; sourceTree = "<group>"; };
		E3E26F45D2C953790DF82253 /* MurphysLawsUITests.xctest */ = {isa = PBXFileReference; includeInIndex = 0; lastKnownFileType = wrapper.cfbundle; path = MurphysLawsUITests.xctest; sourceTree = BUILT_PRODUCTS_DIR; };
		E486AD4C8B7C12A517DABD10 /* EmptyStateView.swift */ = {isa = PBXFileReference; lastKnownFileType = sourcecode.swift; path = EmptyStateView.swift; sourceTree = "<group>"; };
		E590CE9B0966A46756CFD59E /* Constants.swift */ = {isa = PBXFileReference; lastKnownFileType = sourcecode.swift; path = Constants.swift; sourceTree = "<group>"; };
		E721EC9623E2602B825284F3 /* Category.swift */ = {isa = PBXFileReference; lastKnownFileType = sourcecode.swift; path = Category.swift; sourceTree = "<group>"; };
		FDC433B4623925DE473337FF /* APIService.swift */ = {isa = PBXFileReference; lastKnownFileType = sourcecode.swift; path = APIService.swift; sourceTree = "<group>"; };
/* End PBXFileReference section */

/* Begin PBXGroup section */
		03A7816F45BF12D8F748A78E /* Repositories */ = {
			isa = PBXGroup;
			children = (
				774EAD86A11EAC1EF16ACA06 /* CategoryRepository.swift */,
				2CE1346FFCDE3DDCEE69F106 /* LawRepository.swift */,
			);
			path = Repositories;
			sourceTree = "<group>";
		};
		0EC299A270BADEC2F78E1D28 /* MurphysLawsUITests */ = {
			isa = PBXGroup;
			children = (
				52E7F37A98F3CA8F2BD0F4D9 /* CalculatorUITests.swift */,
				B17943F77C37909ACCAABCD5 /* NavigationUITests.swift */,
				99C0F3DDC9B54E0D329D3602 /* SearchAndFilterUITests.swift */,
				CEEBFEEA1E10C10DBD69E4D9 /* VotingUITests.swift */,
			);
			path = MurphysLawsUITests;
			sourceTree = "<group>";
		};
		114B704B30B2D54912510EC7 /* Services */ = {
			isa = PBXGroup;
			children = (
				B4265272671CFACD29C9446B /* SharedContentLoader.swift */,
				FDC433B4623925DE473337FF /* APIService.swift */,
				D5B769A933753CDE8E606F18 /* VotingService.swift */,
			);
			path = Services;
			sourceTree = "<group>";
		};
		1EE3E0A41AC78C2E08A72C55 = {
			isa = PBXGroup;
			children = (
				35F2099C54E190E24C4AFFB6 /* MurphysLaws */,
				77F4C22E0761349A73A2D075 /* MurphysLawsTests */,
				0EC299A270BADEC2F78E1D28 /* MurphysLawsUITests */,
				B2415D4427A1103A70F1877B /* Products */,
			);
			sourceTree = "<group>";
		};
		296EFA0A2EBE2235006EB49C /* Products */ = {
			isa = PBXGroup;
			children = (
			);
			name = Products;
			sourceTree = "<group>";
		};
		2A949C29CF73FF0CA72524A7 /* Models */ = {
			isa = PBXGroup;
			children = (
				6E06EE7367A4443023013451 /* ContentPage.swift */,
				5DA9B5B613B0E7969E41C543 /* Attribution.swift */,
				E721EC9623E2602B825284F3 /* Category.swift */,
				C86C7CE3B4E821D79B4BBE67 /* Law.swift */,
				265273D4ACC856695FD2CF50 /* Vote.swift */,
			);
			path = Models;
			sourceTree = "<group>";
		};
		35F2099C54E190E24C4AFFB6 /* MurphysLaws */ = {
			isa = PBXGroup;
			children = (
				A2ED3D3B91669FD814A1C06D /* Assets.xcassets */,
				CFB71A44ACCE834BE0471B98 /* Info.plist */,
				0A4A458B2333FBA01D004AED /* MurphysLaws.xcodeproj */,
				DFD75F766C0551873C542C93 /* App */,
				2A949C29CF73FF0CA72524A7 /* Models */,
				03A7816F45BF12D8F748A78E /* Repositories */,
				114B704B30B2D54912510EC7 /* Services */,
				D01C37D7E1DE3D4B01A3EE54 /* Utilities */,
				510635B948A2A17F012145B2 /* ViewModels */,
				9B58FB37CDC79E68B6B0CADF /* Views */,
			);
			path = MurphysLaws;
			sourceTree = "<group>";
		};
		3F8F7DEAD15C9313D90AB097 /* Categories */ = {
			isa = PBXGroup;
			children = (
				D62C955AD19A9AF5E90C5C7B /* CategoriesView.swift */,
			);
			path = Categories;
			sourceTree = "<group>";
		};
		510635B948A2A17F012145B2 /* ViewModels */ = {
			isa = PBXGroup;
			children = (
				4072C53A25F93FC2BD1DE3C2 /* CalculatorViewModel.swift */,
				43B83F281BE7A7BBD7D62846 /* CategoryListViewModel.swift */,
				132A19AE0D86C2E4368051DF /* HomeViewModel.swift */,
				3477A49BD60F83BD8E852DCE /* LawDetailViewModel.swift */,
				0F356080AC2E2B74B7AE8DFF /* LawListViewModel.swift */,
				DFBFDFC98563BB7365C66C02 /* SubmitLawViewModel.swift */,
			);
			path = ViewModels;
			sourceTree = "<group>";
		};
		63407E24098B6D1D38B583DB /* Submit */ = {
			isa = PBXGroup;
			children = (
				C6FDC3EDA6F01BC05B88F558 /* SubmitLawView.swift */,
			);
			path = Submit;
			sourceTree = "<group>";
		};
		77F4C22E0761349A73A2D075 /* MurphysLawsTests */ = {
			isa = PBXGroup;
			children = (
				CA45708E5874015B18EDD4FB /* CalculatorViewModelTests.swift */,
				C39071912628B8D7170205D3 /* HomeViewModelTests.swift */,
				1999A69F6DE44010272F8C39 /* LawListViewModelTests.swift */,
			);
			path = MurphysLawsTests;
			sourceTree = "<group>";
		};
		8BDF7BD2C017247D0ACD9CAA /* Calculator */ = {
			isa = PBXGroup;
			children = (
				AAC173281AAC9AB2537D2E88 /* CalculatorView.swift */,
			);
			path = Calculator;
			sourceTree = "<group>";
		};
		9B58FB37CDC79E68B6B0CADF /* Views */ = {
			isa = PBXGroup;
			children = (
				A043F6F7C489D97B7F3A6877 /* Browse */,
				8BDF7BD2C017247D0ACD9CAA /* Calculator */,
				3F8F7DEAD15C9313D90AB097 /* Categories */,
				B4583CDA5189DD89858A84D0 /* Home */,
				E10221C4F670CCD426FEFA16 /* More */,
				A559FBF2E98DCD90B82C85AF /* Shared */,
				63407E24098B6D1D38B583DB /* Submit */,
			);
			path = Views;
			sourceTree = "<group>";
		};
		A043F6F7C489D97B7F3A6877 /* Browse */ = {
			isa = PBXGroup;
			children = (
				832943453DFD4547D8FA2E46 /* BrowseView.swift */,
				535B04B1531B0D7550DD7476 /* FilterView.swift */,
				045708B48A09D6F63EAD5ACA /* LawDetailView.swift */,
			);
			path = Browse;
			sourceTree = "<group>";
		};
		A559FBF2E98DCD90B82C85AF /* Shared */ = {
			isa = PBXGroup;
			children = (
				E486AD4C8B7C12A517DABD10 /* EmptyStateView.swift */,
				94DB4C9BA2F0079E2D78FB04 /* LawCard.swift */,
			);
			path = Shared;
			sourceTree = "<group>";
		};
		B2415D4427A1103A70F1877B /* Products */ = {
			isa = PBXGroup;
			children = (
				A9147BE68F0EFC513C9F2A92 /* MurphysLaws.app */,
				5B496C30B4D01E873AC35F4A /* MurphysLawsTests.xctest */,
				E3E26F45D2C953790DF82253 /* MurphysLawsUITests.xctest */,
			);
			name = Products;
			sourceTree = "<group>";
		};
		B4583CDA5189DD89858A84D0 /* Home */ = {
			isa = PBXGroup;
			children = (
				CAD370BFF1AC8D9BFE0797D6 /* HomeView.swift */,
				C6CB77C95FF85B4ABE3488D9 /* LawOfDayCard.swift */,
			);
			path = Home;
			sourceTree = "<group>";
		};
		D01C37D7E1DE3D4B01A3EE54 /* Utilities */ = {
			isa = PBXGroup;
			children = (
				E590CE9B0966A46756CFD59E /* Constants.swift */,
				6E36A786E080D591D637BCB1 /* DeviceID.swift */,
			);
			path = Utilities;
			sourceTree = "<group>";
		};
		DFD75F766C0551873C542C93 /* App */ = {
			isa = PBXGroup;
			children = (
				04A3B86BE05FF749E63F97CF /* ContentView.swift */,
				4B254F29435390C11AEDA12F /* MurphysLawsApp.swift */,
			);
			path = App;
			sourceTree = "<group>";
		};
		E10221C4F670CCD426FEFA16 /* More */ = {
			isa = PBXGroup;
			children = (
				9F470A1B733446F6A8272BD4 /* MarkdownContentView.swift */,
				9FFB5ACB0A550ADD1E46ABA5 /* MoreView.swift */,
			);
			path = More;
			sourceTree = "<group>";
		};
/* End PBXGroup section */

/* Begin PBXNativeTarget section */
		1E8E90165E23502BED88EE9E /* MurphysLaws */ = {
			isa = PBXNativeTarget;
			buildConfigurationList = 18AA50B6B58A8158D13E3D09 /* Build configuration list for PBXNativeTarget "MurphysLaws" */;
			buildPhases = (
				626C7215678186C3B553FD7F /* Sources */,
				AB1477C50BB41080E8D049C7 /* Resources */,
			);
			buildRules = (
			);
			dependencies = (
			);
			name = MurphysLaws;
			packageProductDependencies = (
			);
			productName = MurphysLaws;
			productReference = A9147BE68F0EFC513C9F2A92 /* MurphysLaws.app */;
			productType = "com.apple.product-type.application";
		};
		84D35C603FFC36267CC6D2EB /* MurphysLawsTests */ = {
			isa = PBXNativeTarget;
			buildConfigurationList = 2EED6F50F0B1F134D52CB0FB /* Build configuration list for PBXNativeTarget "MurphysLawsTests" */;
			buildPhases = (
				2219D3E38B6A22CC25F1DE09 /* Sources */,
			);
			buildRules = (
			);
			dependencies = (
				3341B33C0A4F5CB908465C0F /* PBXTargetDependency */,
			);
			name = MurphysLawsTests;
			packageProductDependencies = (
			);
			productName = MurphysLawsTests;
			productReference = 5B496C30B4D01E873AC35F4A /* MurphysLawsTests.xctest */;
			productType = "com.apple.product-type.bundle.unit-test";
		};
		93B3FBC99A6FCE0F3F8E715D /* MurphysLawsUITests */ = {
			isa = PBXNativeTarget;
			buildConfigurationList = 59199143A5E3A7B10E19ECE1 /* Build configuration list for PBXNativeTarget "MurphysLawsUITests" */;
			buildPhases = (
				095D7FFFB2195E5D994CB808 /* Sources */,
			);
			buildRules = (
			);
			dependencies = (
				A5A9611D82976CFB0C2E00B9 /* PBXTargetDependency */,
			);
			name = MurphysLawsUITests;
			packageProductDependencies = (
			);
			productName = MurphysLawsUITests;
			productReference = E3E26F45D2C953790DF82253 /* MurphysLawsUITests.xctest */;
			productType = "com.apple.product-type.bundle.ui-testing";
		};
/* End PBXNativeTarget section */

/* Begin PBXProject section */
		47EAA31F39DF826D9B2256DB /* Project object */ = {
			isa = PBXProject;
			attributes = {
				BuildIndependentTargetsInParallel = YES;
				LastUpgradeCheck = 1400;
				TargetAttributes = {
					93B3FBC99A6FCE0F3F8E715D = {
						TestTargetID = 1E8E90165E23502BED88EE9E;
					};
				};
			};
			buildConfigurationList = 3847E1AD2DE0237407B05316 /* Build configuration list for PBXProject "MurphysLaws" */;
			compatibilityVersion = "Xcode 14.0";
			developmentRegion = en;
			hasScannedForEncodings = 0;
			knownRegions = (
				Base,
				en,
			);
			mainGroup = 1EE3E0A41AC78C2E08A72C55;
			minimizedProjectReferenceProxies = 1;
			projectDirPath = "";
			projectReferences = (
				{
					ProductGroup = 296EFA0A2EBE2235006EB49C /* Products */;
					ProjectRef = 0A4A458B2333FBA01D004AED /* MurphysLaws.xcodeproj */;
				},
			);
			projectRoot = "";
			targets = (
				1E8E90165E23502BED88EE9E /* MurphysLaws */,
				84D35C603FFC36267CC6D2EB /* MurphysLawsTests */,
				93B3FBC99A6FCE0F3F8E715D /* MurphysLawsUITests */,
			);
		};
/* End PBXProject section */

/* Begin PBXResourcesBuildPhase section */
		AB1477C50BB41080E8D049C7 /* Resources */ = {
			isa = PBXResourcesBuildPhase;
			buildActionMask = 2147483647;
			files = (
				33049F95190C44F3823E6C5C /* Assets.xcassets in Resources */,
				7E774E26E9DCF9B05AD0480D /* MurphysLaws.xcodeproj in Resources */,
			);
			runOnlyForDeploymentPostprocessing = 0;
		};
/* End PBXResourcesBuildPhase section */

/* Begin PBXSourcesBuildPhase section */
		095D7FFFB2195E5D994CB808 /* Sources */ = {
			isa = PBXSourcesBuildPhase;
			buildActionMask = 2147483647;
			files = (
				D2FE43CE42565109E7E4D624 /* ContentPage.swift in Sources */,
				C8C7BA41C6D1A07BA003323D /* SharedContentLoader.swift in Sources */,
				556E731411A56EDCAB0C5743 /* MarkdownContentView.swift in Sources */,
				425CF7AF7AE6FC7DB0C0B1C6 /* CalculatorUITests.swift in Sources */,
				00803AFD5319150572230A8D /* NavigationUITests.swift in Sources */,
				F8BEFE8D710B14865363242D /* SearchAndFilterUITests.swift in Sources */,
				B0805AEBB64518613A1A3470 /* VotingUITests.swift in Sources */,
			);
			runOnlyForDeploymentPostprocessing = 0;
		};
		2219D3E38B6A22CC25F1DE09 /* Sources */ = {
			isa = PBXSourcesBuildPhase;
			buildActionMask = 2147483647;
			files = (
				C5C061DFFF91CB361AAC27DE /* CalculatorViewModelTests.swift in Sources */,
				7C64A32048B746BB8334CB22 /* HomeViewModelTests.swift in Sources */,
				785A84043E4DE8B70F1FCBF2 /* LawListViewModelTests.swift in Sources */,
			);
			runOnlyForDeploymentPostprocessing = 0;
		};
		626C7215678186C3B553FD7F /* Sources */ = {
			isa = PBXSourcesBuildPhase;
			buildActionMask = 2147483647;
			files = (
				5C54EF13C0862FE20402ABD3 /* APIService.swift in Sources */,
				AFC70EF23C30FC1B9471037E /* Attribution.swift in Sources */,
				D9E7FEE430FABE2B6AF6B823 /* BrowseView.swift in Sources */,
				3913E1CF37BFD2FAC495C6D7 /* CalculatorView.swift in Sources */,
				86DA34046A005DB14FC1A8C7 /* CalculatorViewModel.swift in Sources */,
				0D94D334343E4BAE9168D147 /* CategoriesView.swift in Sources */,
				7BF4E65D740F1E5EF938F577 /* Category.swift in Sources */,
				7AF98FDDDB1C5BC4CEE3708D /* CategoryListViewModel.swift in Sources */,
				DCF27A24341C260A48F1FD00 /* CategoryRepository.swift in Sources */,
				441EC254A6EC2BD33FFE37AA /* Constants.swift in Sources */,
				D90D2F00B3CCC17C64A8E325 /* ContentView.swift in Sources */,
				34F065D0F50A69B0C27C6D45 /* DeviceID.swift in Sources */,
				34F2B212CC93A76669E59B20 /* EmptyStateView.swift in Sources */,
				10952B8EEFAD0407EDE9DFB0 /* FilterView.swift in Sources */,
				1457BFE82CAF8FB0EC363E4A /* HomeView.swift in Sources */,
				83AD706EFA259347D1E5A070 /* HomeViewModel.swift in Sources */,
				27C5F22B9A2B55EDFC842A58 /* Law.swift in Sources */,
				18B2B23B6AA8DF414FA05B5E /* LawCard.swift in Sources */,
				7C452D3F05078F272809F8D0 /* LawDetailView.swift in Sources */,
				BE4DDF80244FC55575461BAB /* LawDetailViewModel.swift in Sources */,
				0D343C8000BC86125F8EB613 /* LawListViewModel.swift in Sources */,
				58AF40343C809A85903A9B14 /* LawOfDayCard.swift in Sources */,
				49FA408589A664074331A528 /* LawRepository.swift in Sources */,
				1C0840FA71D93ED0392D220C /* MoreView.swift in Sources */,
				BB9ABE4CA8E1673DD55C3100 /* MurphysLawsApp.swift in Sources */,
				2B7AA225646E10CC7312586F /* SubmitLawView.swift in Sources */,
				790EE3B979BE88B35925407D /* SubmitLawViewModel.swift in Sources */,
				6681CD7B027F573E5DD50A50 /* Vote.swift in Sources */,
				576857C0BDB97789E126318D /* VotingService.swift in Sources */,
			);
			runOnlyForDeploymentPostprocessing = 0;
		};
/* End PBXSourcesBuildPhase section */

/* Begin PBXTargetDependency section */
		3341B33C0A4F5CB908465C0F /* PBXTargetDependency */ = {
			isa = PBXTargetDependency;
			target = 1E8E90165E23502BED88EE9E /* MurphysLaws */;
			targetProxy = 7F7924A847502A1C14E97B5E /* PBXContainerItemProxy */;
		};
		A5A9611D82976CFB0C2E00B9 /* PBXTargetDependency */ = {
			isa = PBXTargetDependency;
			target = 1E8E90165E23502BED88EE9E /* MurphysLaws */;
			targetProxy = B2F026CB68F0B1CE1D197F32 /* PBXContainerItemProxy */;
		};
/* End PBXTargetDependency section */

/* Begin XCBuildConfiguration section */
		4C5B82C1DE62EBBFCEF122B5 /* Release */ = {
			isa = XCBuildConfiguration;
			buildSettings = {
				BUNDLE_LOADER = "$(TEST_HOST)";
				LD_RUNPATH_SEARCH_PATHS = (
					"$(inherited)",
					"@executable_path/Frameworks",
					"@loader_path/Frameworks",
				);
				PRODUCT_BUNDLE_IDENTIFIER = com.murphyslaws.MurphysLawsUITests;
				SDKROOT = iphoneos;
				SWIFT_VERSION = 5.9;
				TARGETED_DEVICE_FAMILY = "1,2";
				TEST_TARGET_NAME = MurphysLaws;
			};
			name = Release;
		};
		4F55DC4EFE28D9C8CF815B48 /* Debug */ = {
			isa = XCBuildConfiguration;
			buildSettings = {
				BUNDLE_LOADER = "$(TEST_HOST)";
				LD_RUNPATH_SEARCH_PATHS = (
					"$(inherited)",
					"@executable_path/Frameworks",
					"@loader_path/Frameworks",
				);
				PRODUCT_BUNDLE_IDENTIFIER = com.murphyslaws.MurphysLawsTests;
				SDKROOT = iphoneos;
				SWIFT_VERSION = 5.9;
				TARGETED_DEVICE_FAMILY = "1,2";
				TEST_HOST = "$(BUILT_PRODUCTS_DIR)/MurphysLaws.app/MurphysLaws";
			};
			name = Debug;
		};
		736ADE8692B87B5AABD7BC24 /* Debug */ = {
			isa = XCBuildConfiguration;
			buildSettings = {
				ALWAYS_SEARCH_USER_PATHS = NO;
				CLANG_ANALYZER_NONNULL = YES;
				CLANG_ANALYZER_NUMBER_OBJECT_CONVERSION = YES_AGGRESSIVE;
				CLANG_CXX_LANGUAGE_STANDARD = "gnu++14";
				CLANG_CXX_LIBRARY = "libc++";
				CLANG_ENABLE_MODULES = YES;
				CLANG_ENABLE_OBJC_ARC = YES;
				CLANG_ENABLE_OBJC_WEAK = YES;
				CLANG_WARN_BLOCK_CAPTURE_AUTORELEASING = YES;
				CLANG_WARN_BOOL_CONVERSION = YES;
				CLANG_WARN_COMMA = YES;
				CLANG_WARN_CONSTANT_CONVERSION = YES;
				CLANG_WARN_DEPRECATED_OBJC_IMPLEMENTATIONS = YES;
				CLANG_WARN_DIRECT_OBJC_ISA_USAGE = YES_ERROR;
				CLANG_WARN_DOCUMENTATION_COMMENTS = YES;
				CLANG_WARN_EMPTY_BODY = YES;
				CLANG_WARN_ENUM_CONVERSION = YES;
				CLANG_WARN_INFINITE_RECURSION = YES;
				CLANG_WARN_INT_CONVERSION = YES;
				CLANG_WARN_NON_LITERAL_NULL_CONVERSION = YES;
				CLANG_WARN_OBJC_IMPLICIT_RETAIN_SELF = YES;
				CLANG_WARN_OBJC_LITERAL_CONVERSION = YES;
				CLANG_WARN_OBJC_ROOT_CLASS = YES_ERROR;
				CLANG_WARN_QUOTED_INCLUDE_IN_FRAMEWORK_HEADER = YES;
				CLANG_WARN_RANGE_LOOP_ANALYSIS = YES;
				CLANG_WARN_STRICT_PROTOTYPES = YES;
				CLANG_WARN_SUSPICIOUS_MOVE = YES;
				CLANG_WARN_UNGUARDED_AVAILABILITY = YES_AGGRESSIVE;
				CLANG_WARN_UNREACHABLE_CODE = YES;
				CLANG_WARN__DUPLICATE_METHOD_MATCH = YES;
				COPY_PHASE_STRIP = NO;
				CURRENT_PROJECT_VERSION = 1;
				DEBUG_INFORMATION_FORMAT = dwarf;
				ENABLE_STRICT_OBJC_MSGSEND = YES;
				ENABLE_TESTABILITY = YES;
				GCC_C_LANGUAGE_STANDARD = gnu11;
				GCC_DYNAMIC_NO_PIC = NO;
				GCC_NO_COMMON_BLOCKS = YES;
				GCC_OPTIMIZATION_LEVEL = 0;
				GCC_PREPROCESSOR_DEFINITIONS = (
					"$(inherited)",
					"DEBUG=1",
				);
				GCC_WARN_64_TO_32_BIT_CONVERSION = YES;
				GCC_WARN_ABOUT_RETURN_TYPE = YES_ERROR;
				GCC_WARN_UNDECLARED_SELECTOR = YES;
				GCC_WARN_UNINITIALIZED_AUTOS = YES_AGGRESSIVE;
				GCC_WARN_UNUSED_FUNCTION = YES;
				GCC_WARN_UNUSED_VARIABLE = YES;
				IPHONEOS_DEPLOYMENT_TARGET = 16.0;
				MARKETING_VERSION = 1.0;
				MTL_ENABLE_DEBUG_INFO = INCLUDE_SOURCE;
				MTL_FAST_MATH = YES;
				ONLY_ACTIVE_ARCH = YES;
				PRODUCT_NAME = "$(TARGET_NAME)";
				SDKROOT = iphoneos;
				SWIFT_ACTIVE_COMPILATION_CONDITIONS = DEBUG;
				SWIFT_OPTIMIZATION_LEVEL = "-Onone";
				SWIFT_VERSION = 5.0;
			};
			name = Debug;
		};
		7E67103EDDD07AA03C6180B0 /* Release */ = {
			isa = XCBuildConfiguration;
			buildSettings = {
				ASSETCATALOG_COMPILER_APPICON_NAME = AppIcon;
				ASSETCATALOG_COMPILER_GLOBAL_ACCENT_COLOR_NAME = AccentColor;
				CODE_SIGN_IDENTITY = "iPhone Developer";
				ENABLE_PREVIEWS = YES;
				INFOPLIST_FILE = MurphysLaws/Info.plist;
				LD_RUNPATH_SEARCH_PATHS = (
					"$(inherited)",
					"@executable_path/Frameworks",
				);
				PRODUCT_BUNDLE_IDENTIFIER = com.murphyslaws.MurphysLaws;
				SDKROOT = iphoneos;
				SWIFT_VERSION = 5.9;
				TARGETED_DEVICE_FAMILY = "1,2";
			};
			name = Release;
		};
		816878D961FC8F1A5682C839 /* Debug */ = {
			isa = XCBuildConfiguration;
			buildSettings = {
				BUNDLE_LOADER = "$(TEST_HOST)";
				LD_RUNPATH_SEARCH_PATHS = (
					"$(inherited)",
					"@executable_path/Frameworks",
					"@loader_path/Frameworks",
				);
				PRODUCT_BUNDLE_IDENTIFIER = com.murphyslaws.MurphysLawsUITests;
				SDKROOT = iphoneos;
				SWIFT_VERSION = 5.9;
				TARGETED_DEVICE_FAMILY = "1,2";
				TEST_TARGET_NAME = MurphysLaws;
			};
			name = Debug;
		};
		C23BA319FA8B3DC35B845392 /* Debug */ = {
			isa = XCBuildConfiguration;
			buildSettings = {
				ASSETCATALOG_COMPILER_APPICON_NAME = AppIcon;
				ASSETCATALOG_COMPILER_GLOBAL_ACCENT_COLOR_NAME = AccentColor;
				CODE_SIGN_IDENTITY = "iPhone Developer";
				ENABLE_PREVIEWS = YES;
				INFOPLIST_FILE = MurphysLaws/Info.plist;
				LD_RUNPATH_SEARCH_PATHS = (
					"$(inherited)",
					"@executable_path/Frameworks",
				);
				PRODUCT_BUNDLE_IDENTIFIER = com.murphyslaws.MurphysLaws;
				SDKROOT = iphoneos;
				SWIFT_VERSION = 5.9;
				TARGETED_DEVICE_FAMILY = "1,2";
			};
			name = Debug;
		};
		C59A3F1621D001E2E4C0ACFC /* Release */ = {
			isa = XCBuildConfiguration;
			buildSettings = {
				BUNDLE_LOADER = "$(TEST_HOST)";
				LD_RUNPATH_SEARCH_PATHS = (
					"$(inherited)",
					"@executable_path/Frameworks",
					"@loader_path/Frameworks",
				);
				PRODUCT_BUNDLE_IDENTIFIER = com.murphyslaws.MurphysLawsTests;
				SDKROOT = iphoneos;
				SWIFT_VERSION = 5.9;
				TARGETED_DEVICE_FAMILY = "1,2";
				TEST_HOST = "$(BUILT_PRODUCTS_DIR)/MurphysLaws.app/MurphysLaws";
			};
			name = Release;
		};
		DACA6CF95C7DF780F965CA02 /* Release */ = {
			isa = XCBuildConfiguration;
			buildSettings = {
				ALWAYS_SEARCH_USER_PATHS = NO;
				CLANG_ANALYZER_NONNULL = YES;
				CLANG_ANALYZER_NUMBER_OBJECT_CONVERSION = YES_AGGRESSIVE;
				CLANG_CXX_LANGUAGE_STANDARD = "gnu++14";
				CLANG_CXX_LIBRARY = "libc++";
				CLANG_ENABLE_MODULES = YES;
				CLANG_ENABLE_OBJC_ARC = YES;
				CLANG_ENABLE_OBJC_WEAK = YES;
				CLANG_WARN_BLOCK_CAPTURE_AUTORELEASING = YES;
				CLANG_WARN_BOOL_CONVERSION = YES;
				CLANG_WARN_COMMA = YES;
				CLANG_WARN_CONSTANT_CONVERSION = YES;
				CLANG_WARN_DEPRECATED_OBJC_IMPLEMENTATIONS = YES;
				CLANG_WARN_DIRECT_OBJC_ISA_USAGE = YES_ERROR;
				CLANG_WARN_DOCUMENTATION_COMMENTS = YES;
				CLANG_WARN_EMPTY_BODY = YES;
				CLANG_WARN_ENUM_CONVERSION = YES;
				CLANG_WARN_INFINITE_RECURSION = YES;
				CLANG_WARN_INT_CONVERSION = YES;
				CLANG_WARN_NON_LITERAL_NULL_CONVERSION = YES;
				CLANG_WARN_OBJC_IMPLICIT_RETAIN_SELF = YES;
				CLANG_WARN_OBJC_LITERAL_CONVERSION = YES;
				CLANG_WARN_OBJC_ROOT_CLASS = YES_ERROR;
				CLANG_WARN_QUOTED_INCLUDE_IN_FRAMEWORK_HEADER = YES;
				CLANG_WARN_RANGE_LOOP_ANALYSIS = YES;
				CLANG_WARN_STRICT_PROTOTYPES = YES;
				CLANG_WARN_SUSPICIOUS_MOVE = YES;
				CLANG_WARN_UNGUARDED_AVAILABILITY = YES_AGGRESSIVE;
				CLANG_WARN_UNREACHABLE_CODE = YES;
				CLANG_WARN__DUPLICATE_METHOD_MATCH = YES;
				COPY_PHASE_STRIP = NO;
				CURRENT_PROJECT_VERSION = 1;
				DEBUG_INFORMATION_FORMAT = "dwarf-with-dsym";
				ENABLE_NS_ASSERTIONS = NO;
				ENABLE_STRICT_OBJC_MSGSEND = YES;
				GCC_C_LANGUAGE_STANDARD = gnu11;
				GCC_NO_COMMON_BLOCKS = YES;
				GCC_WARN_64_TO_32_BIT_CONVERSION = YES;
				GCC_WARN_ABOUT_RETURN_TYPE = YES_ERROR;
				GCC_WARN_UNDECLARED_SELECTOR = YES;
				GCC_WARN_UNINITIALIZED_AUTOS = YES_AGGRESSIVE;
				GCC_WARN_UNUSED_FUNCTION = YES;
				GCC_WARN_UNUSED_VARIABLE = YES;
				IPHONEOS_DEPLOYMENT_TARGET = 16.0;
				MARKETING_VERSION = 1.0;
				MTL_ENABLE_DEBUG_INFO = NO;
				MTL_FAST_MATH = YES;
				PRODUCT_NAME = "$(TARGET_NAME)";
				SDKROOT = iphoneos;
				SWIFT_COMPILATION_MODE = wholemodule;
				SWIFT_OPTIMIZATION_LEVEL = "-O";
				SWIFT_VERSION = 5.0;
			};
			name = Release;
		};
/* End XCBuildConfiguration section */

/* Begin XCConfigurationList section */
		18AA50B6B58A8158D13E3D09 /* Build configuration list for PBXNativeTarget "MurphysLaws" */ = {
			isa = XCConfigurationList;
			buildConfigurations = (
				C23BA319FA8B3DC35B845392 /* Debug */,
				7E67103EDDD07AA03C6180B0 /* Release */,
			);
			defaultConfigurationIsVisible = 0;
			defaultConfigurationName = Debug;
		};
		2EED6F50F0B1F134D52CB0FB /* Build configuration list for PBXNativeTarget "MurphysLawsTests" */ = {
			isa = XCConfigurationList;
			buildConfigurations = (
				4F55DC4EFE28D9C8CF815B48 /* Debug */,
				C59A3F1621D001E2E4C0ACFC /* Release */,
			);
			defaultConfigurationIsVisible = 0;
			defaultConfigurationName = Debug;
		};
		3847E1AD2DE0237407B05316 /* Build configuration list for PBXProject "MurphysLaws" */ = {
			isa = XCConfigurationList;
			buildConfigurations = (
				736ADE8692B87B5AABD7BC24 /* Debug */,
				DACA6CF95C7DF780F965CA02 /* Release */,
			);
			defaultConfigurationIsVisible = 0;
			defaultConfigurationName = Debug;
		};
		59199143A5E3A7B10E19ECE1 /* Build configuration list for PBXNativeTarget "MurphysLawsUITests" */ = {
			isa = XCConfigurationList;
			buildConfigurations = (
				816878D961FC8F1A5682C839 /* Debug */,
				4C5B82C1DE62EBBFCEF122B5 /* Release */,
			);
			defaultConfigurationIsVisible = 0;
			defaultConfigurationName = Debug;
		};
/* End XCConfigurationList section */
	};
	rootObject = 47EAA31F39DF826D9B2256DB /* Project object */;
}
